
Microsoft Visual Studio Solution File, Format Version 12.00
# Visual Studio Version 16
VisualStudioVersion = 16.0.31702.278
MinimumVisualStudioVersion = 10.0.40219.1
Project("{FAE04EC0-301F-11D3-BF4B-00C04F79EFBC}") = "SinemaSatışıForm", "SinemaSatışıForm.csproj", "{6F0425E8-26CE-49E9-A6FB-0A651321730B}"
EndProject
Global
	GlobalSection(SolutionConfigurationPlatforms) = preSolution
		Debug|Any CPU = Debug|Any CPU
		Release|Any CPU = Release|Any CPU
	EndGlobalSection
	GlobalSection(ProjectConfigurationPlatforms) = postSolution
		{6F0425E8-26CE-49E9-A6FB-0A651321730B}.Debug|Any CPU.ActiveCfg = Debug|Any CPU
		{6F0425E8-26CE-49E9-A6FB-0A651321730B}.Debug|Any CPU.Build.0 = Debug|Any CPU
		{6F0425E8-26CE-49E9-A6FB-0A651321730B}.Release|Any CPU.ActiveCfg = Release|Any CPU
		{6F0425E8-26CE-49E9-A6FB-0A651321730B}.Release|Any CPU.Build.0 = Release|Any CPU
	EndGlobalSection
	GlobalSection(SolutionProperties) = preSolution
		HideSolutionNode = FALSE
	EndGlobalSection
	GlobalSection(ExtensibilityGlobals) = postSolution
		SolutionGuid = {D8069F57-EAC9-4BA9-83A3-4239677C50B8}
	EndGlobalSection
EndGlobal
